// !$*UTF8*$!
{
	archiveVersion = 1;
	classes = {
	};
	objectVersion = 55;
	objects = {

/* Begin PBXBuildFile section */
		F08F37602701A16600C80957 /* NotesCFTApp.swift in Sources */ = {isa = PBXBuildFile; fileRef = F08F375F2701A16600C80957 /* NotesCFTApp.swift */; };
		F08F37622701A16600C80957 /* ContentView.swift in Sources */ = {isa = PBXBuildFile; fileRef = F08F37612701A16600C80957 /* ContentView.swift */; };
		F08F37642701A16900C80957 /* Assets.xcassets in Resources */ = {isa = PBXBuildFile; fileRef = F08F37632701A16900C80957 /* Assets.xcassets */; };
		F08F37672701A16900C80957 /* Preview Assets.xcassets in Resources */ = {isa = PBXBuildFile; fileRef = F08F37662701A16900C80957 /* Preview Assets.xcassets */; };
		F08F37692701A16900C80957 /* Persistence.swift in Sources */ = {isa = PBXBuildFile; fileRef = F08F37682701A16900C80957 /* Persistence.swift */; };
		F08F376C2701A16900C80957 /* NotesCFT.xcdatamodeld in Sources */ = {isa = PBXBuildFile; fileRef = F08F376A2701A16900C80957 /* NotesCFT.xcdatamodeld */; };
		F08F37732701A19800C80957 /* LaunchScreen.storyboard in Resources */ = {isa = PBXBuildFile; fileRef = F08F37722701A19800C80957 /* LaunchScreen.storyboard */; };
		F08F3777270204FB00C80957 /* EditNoteView.swift in Sources */ = {isa = PBXBuildFile; fileRef = F08F3776270204FA00C80957 /* EditNoteView.swift */; };
		F08F377D2702F35100C80957 /* AddNoteView.swift in Sources */ = {isa = PBXBuildFile; fileRef = F08F377C2702F35100C80957 /* AddNoteView.swift */; };
		F08F377F27039C6800C80957 /* NotesView.swift in Sources */ = {isa = PBXBuildFile; fileRef = F08F377E27039C6800C80957 /* NotesView.swift */; };
		F08F378327039E0600C80957 /* WelcomeView.swift in Sources */ = {isa = PBXBuildFile; fileRef = F08F378227039E0600C80957 /* WelcomeView.swift */; };
		F08F3786270593EF00C80957 /* Localizable.strings in Resources */ = {isa = PBXBuildFile; fileRef = F08F3788270593EF00C80957 /* Localizable.strings */; };
		F08F378B2705C86C00C80957 /* Localization.swift in Sources */ = {isa = PBXBuildFile; fileRef = F08F378A2705C86C00C80957 /* Localization.swift */; };
/* End PBXBuildFile section */

/* Begin PBXFileReference section */
		F07C048E270898D000186876 /* NotesCFT.entitlements */ = {isa = PBXFileReference; lastKnownFileType = text.plist.entitlements; path = NotesCFT.entitlements; sourceTree = "<group>"; };
		F08F375C2701A16600C80957 /* NotesCFT.app */ = {isa = PBXFileReference; explicitFileType = wrapper.application; includeInIndex = 0; path = NotesCFT.app; sourceTree = BUILT_PRODUCTS_DIR; };
		F08F375F2701A16600C80957 /* NotesCFTApp.swift */ = {isa = PBXFileReference; lastKnownFileType = sourcecode.swift; path = NotesCFTApp.swift; sourceTree = "<group>"; };
		F08F37612701A16600C80957 /* ContentView.swift */ = {isa = PBXFileReference; lastKnownFileType = sourcecode.swift; path = ContentView.swift; sourceTree = "<group>"; };
		F08F37632701A16900C80957 /* Assets.xcassets */ = {isa = PBXFileReference; lastKnownFileType = folder.assetcatalog; path = Assets.xcassets; sourceTree = "<group>"; };
		F08F37662701A16900C80957 /* Preview Assets.xcassets */ = {isa = PBXFileReference; lastKnownFileType = folder.assetcatalog; path = "Preview Assets.xcassets"; sourceTree = "<group>"; };
		F08F37682701A16900C80957 /* Persistence.swift */ = {isa = PBXFileReference; lastKnownFileType = sourcecode.swift; path = Persistence.swift; sourceTree = "<group>"; };
		F08F376B2701A16900C80957 /* NotesCFT.xcdatamodel */ = {isa = PBXFileReference; lastKnownFileType = wrapper.xcdatamodel; path = NotesCFT.xcdatamodel; sourceTree = "<group>"; };
		F08F37722701A19800C80957 /* LaunchScreen.storyboard */ = {isa = PBXFileReference; lastKnownFileType = file.storyboard; path = LaunchScreen.storyboard; sourceTree = "<group>"; };
		F08F3776270204FA00C80957 /* EditNoteView.swift */ = {isa = PBXFileReference; lastKnownFileType = sourcecode.swift; path = EditNoteView.swift; sourceTree = "<group>"; };
		F08F377B2702415A00C80957 /* Info.plist */ = {isa = PBXFileReference; lastKnownFileType = text.plist.xml; path = Info.plist; sourceTree = "<group>"; };
		F08F377C2702F35100C80957 /* AddNoteView.swift */ = {isa = PBXFileReference; lastKnownFileType = sourcecode.swift; path = AddNoteView.swift; sourceTree = "<group>"; };
		F08F377E27039C6800C80957 /* NotesView.swift */ = {isa = PBXFileReference; lastKnownFileType = sourcecode.swift; path = NotesView.swift; sourceTree = "<group>"; };
		F08F378227039E0600C80957 /* WelcomeView.swift */ = {isa = PBXFileReference; lastKnownFileType = sourcecode.swift; path = WelcomeView.swift; sourceTree = "<group>"; };
		F08F3787270593EF00C80957 /* en */ = {isa = PBXFileReference; lastKnownFileType = text.plist.strings; name = en; path = en.lproj/Localizable.strings; sourceTree = "<group>"; };
		F08F3789270593FE00C80957 /* ru */ = {isa = PBXFileReference; lastKnownFileType = text.plist.strings; name = ru; path = ru.lproj/Localizable.strings; sourceTree = "<group>"; };
		F08F378A2705C86C00C80957 /* Localization.swift */ = {isa = PBXFileReference; lastKnownFileType = sourcecode.swift; path = Localization.swift; sourceTree = "<group>"; };
/* End PBXFileReference section */

/* Begin PBXFrameworksBuildPhase section */
		F08F37592701A16600C80957 /* Frameworks */ = {
			isa = PBXFrameworksBuildPhase;
			buildActionMask = 2147483647;
			files = (
			);
			runOnlyForDeploymentPostprocessing = 0;
		};
/* End PBXFrameworksBuildPhase section */

/* Begin PBXGroup section */
		F08F37532701A16600C80957 = {
			isa = PBXGroup;
			children = (
				F08F375E2701A16600C80957 /* NotesCFT */,
				F08F375D2701A16600C80957 /* Products */,
			);
			sourceTree = "<group>";
		};
		F08F375D2701A16600C80957 /* Products */ = {
			isa = PBXGroup;
			children = (
				F08F375C2701A16600C80957 /* NotesCFT.app */,
			);
			name = Products;
			sourceTree = "<group>";
		};
		F08F375E2701A16600C80957 /* NotesCFT */ = {
			isa = PBXGroup;
			children = (
				F07C048E270898D000186876 /* NotesCFT.entitlements */,
				F08F37722701A19800C80957 /* LaunchScreen.storyboard */,
				F08F37682701A16900C80957 /* Persistence.swift */,
				F08F375F2701A16600C80957 /* NotesCFTApp.swift */,
				F08F377E27039C6800C80957 /* NotesView.swift */,
				F08F37612701A16600C80957 /* ContentView.swift */,
				F08F3776270204FA00C80957 /* EditNoteView.swift */,
				F08F377C2702F35100C80957 /* AddNoteView.swift */,
				F08F378227039E0600C80957 /* WelcomeView.swift */,
				F08F376A2701A16900C80957 /* NotesCFT.xcdatamodeld */,
				F08F377B2702415A00C80957 /* Info.plist */,
				F08F378C2705C88600C80957 /* Resources */,
			);
			path = NotesCFT;
			sourceTree = "<group>";
		};
		F08F37652701A16900C80957 /* Preview Content */ = {
			isa = PBXGroup;
			children = (
				F08F37662701A16900C80957 /* Preview Assets.xcassets */,
			);
			path = "Preview Content";
			sourceTree = "<group>";
		};
		F08F378C2705C88600C80957 /* Resources */ = {
			isa = PBXGroup;
			children = (
				F08F37652701A16900C80957 /* Preview Content */,
				F08F37632701A16900C80957 /* Assets.xcassets */,
				F08F3788270593EF00C80957 /* Localizable.strings */,
				F08F378A2705C86C00C80957 /* Localization.swift */,
			);
			path = Resources;
			sourceTree = "<group>";
		};
/* End PBXGroup section */

/* Begin PBXNativeTarget section */
		F08F375B2701A16600C80957 /* NotesCFT */ = {
			isa = PBXNativeTarget;
			buildConfigurationList = F08F376F2701A16900C80957 /* Build configuration list for PBXNativeTarget "NotesCFT" */;
			buildPhases = (
				F08F37582701A16600C80957 /* Sources */,
				F08F37592701A16600C80957 /* Frameworks */,
				F08F375A2701A16600C80957 /* Resources */,
				F08F377A2702372A00C80957 /* ShellScript */,
			);
			buildRules = (
			);
			dependencies = (
			);
			name = NotesCFT;
			productName = NotesCFT;
			productReference = F08F375C2701A16600C80957 /* NotesCFT.app */;
			productType = "com.apple.product-type.application";
		};
/* End PBXNativeTarget section */

/* Begin PBXProject section */
		F08F37542701A16600C80957 /* Project object */ = {
			isa = PBXProject;
			attributes = {
				BuildIndependentTargetsInParallel = 1;
				LastSwiftUpdateCheck = 1300;
				LastUpgradeCheck = 1300;
				TargetAttributes = {
					F08F375B2701A16600C80957 = {
						CreatedOnToolsVersion = 13.0;
					};
				};
			};
			buildConfigurationList = F08F37572701A16600C80957 /* Build configuration list for PBXProject "NotesCFT" */;
			compatibilityVersion = "Xcode 13.0";
			developmentRegion = en;
			hasScannedForEncodings = 0;
			knownRegions = (
				en,
				Base,
				ru,
			);
			mainGroup = F08F37532701A16600C80957;
			productRefGroup = F08F375D2701A16600C80957 /* Products */;
			projectDirPath = "";
			projectRoot = "";
			targets = (
				F08F375B2701A16600C80957 /* NotesCFT */,
			);
		};
/* End PBXProject section */

/* Begin PBXResourcesBuildPhase section */
		F08F375A2701A16600C80957 /* Resources */ = {
			isa = PBXResourcesBuildPhase;
			buildActionMask = 2147483647;
			files = (
				F08F37732701A19800C80957 /* LaunchScreen.storyboard in Resources */,
				F08F3786270593EF00C80957 /* Localizable.strings in Resources */,
				F08F37672701A16900C80957 /* Preview Assets.xcassets in Resources */,
				F08F37642701A16900C80957 /* Assets.xcassets in Resources */,
			);
			runOnlyForDeploymentPostprocessing = 0;
		};
/* End PBXResourcesBuildPhase section */

/* Begin PBXShellScriptBuildPhase section */
		F08F377A2702372A00C80957 /* ShellScript */ = {
			isa = PBXShellScriptBuildPhase;
			buildActionMask = 2147483647;
			files = (
			);
			inputFileListPaths = (
			);
			inputPaths = (
			);
			outputFileListPaths = (
			);
			outputPaths = (
			);
			runOnlyForDeploymentPostprocessing = 0;
			shellPath = /bin/sh;
			shellScript = "
";
		};
/* End PBXShellScriptBuildPhase section */

/* Begin PBXSourcesBuildPhase section */
		F08F37582701A16600C80957 /* Sources */ = {
			isa = PBXSourcesBuildPhase;
			buildActionMask = 2147483647;
			files = (
				F08F377F27039C6800C80957 /* NotesView.swift in Sources */,
				F08F377D2702F35100C80957 /* AddNoteView.swift in Sources */,
				F08F37692701A16900C80957 /* Persistence.swift in Sources */,
				F08F378327039E0600C80957 /* WelcomeView.swift in Sources */,
				F08F37622701A16600C80957 /* ContentView.swift in Sources */,
				F08F378B2705C86C00C80957 /* Localization.swift in Sources */,
				F08F37602701A16600C80957 /* NotesCFTApp.swift in Sources */,
				F08F3777270204FB00C80957 /* EditNoteView.swift in Sources */,
				F08F376C2701A16900C80957 /* NotesCFT.xcdatamodeld in Sources */,
			);
			runOnlyForDeploymentPostprocessing = 0;
		};
/* End PBXSourcesBuildPhase section */

/* Begin PBXVariantGroup section */
		F08F3788270593EF00C80957 /* Localizable.strings */ = {
			isa = PBXVariantGroup;
			children = (
				F08F3787270593EF00C80957 /* en */,
				F08F3789270593FE00C80957 /* ru */,
			);
			name = Localizable.strings;
			sourceTree = "<group>";
		};
/* End PBXVariantGroup section */

/* Begin XCBuildConfiguration section */
		F08F376D2701A16900C80957 /* Debug */ = {
			isa = XCBuildConfiguration;
			buildSettings = {
				ALWAYS_SEARCH_USER_PATHS = NO;
				CLANG_ANALYZER_NONNULL = YES;
				CLANG_ANALYZER_NUMBER_OBJECT_CONVERSION = YES_AGGRESSIVE;
				CLANG_CXX_LANGUAGE_STANDARD = "gnu++17";
				CLANG_CXX_LIBRARY = "libc++";
				CLANG_ENABLE_MODULES = YES;
				CLANG_ENABLE_OBJC_ARC = YES;
				CLANG_ENABLE_OBJC_WEAK = YES;
				CLANG_WARN_BLOCK_CAPTURE_AUTORELEASING = YES;
				CLANG_WARN_BOOL_CONVERSION = YES;
				CLANG_WARN_COMMA = YES;
				CLANG_WARN_CONSTANT_CONVERSION = YES;
				CLANG_WARN_DEPRECATED_OBJC_IMPLEMENTATIONS = YES;
				CLANG_WARN_DIRECT_OBJC_ISA_USAGE = YES_ERROR;
				CLANG_WARN_DOCUMENTATION_COMMENTS = YES;
				CLANG_WARN_EMPTY_BODY = YES;
				CLANG_WARN_ENUM_CONVERSION = YES;
				CLANG_WARN_INFINITE_RECURSION = YES;
				CLANG_WARN_INT_CONVERSION = YES;
				CLANG_WARN_NON_LITERAL_NULL_CONVERSION = YES;
				CLANG_WARN_OBJC_IMPLICIT_RETAIN_SELF = YES;
				CLANG_WARN_OBJC_LITERAL_CONVERSION = YES;
				CLANG_WARN_OBJC_ROOT_CLASS = YES_ERROR;
				CLANG_WARN_QUOTED_INCLUDE_IN_FRAMEWORK_HEADER = YES;
				CLANG_WARN_RANGE_LOOP_ANALYSIS = YES;
				CLANG_WARN_STRICT_PROTOTYPES = YES;
				CLANG_WARN_SUSPICIOUS_MOVE = YES;
				CLANG_WARN_UNGUARDED_AVAILABILITY = YES_AGGRESSIVE;
				CLANG_WARN_UNREACHABLE_CODE = YES;
				CLANG_WARN__DUPLICATE_METHOD_MATCH = YES;
				COPY_PHASE_STRIP = NO;
				DEBUG_INFORMATION_FORMAT = dwarf;
				ENABLE_STRICT_OBJC_MSGSEND = YES;
				ENABLE_TESTABILITY = YES;
				GCC_C_LANGUAGE_STANDARD = gnu11;
				GCC_DYNAMIC_NO_PIC = NO;
				GCC_NO_COMMON_BLOCKS = YES;
				GCC_OPTIMIZATION_LEVEL = 0;
				GCC_PREPROCESSOR_DEFINITIONS = (
					"DEBUG=1",
					"$(inherited)",
				);
				GCC_WARN_64_TO_32_BIT_CONVERSION = YES;
				GCC_WARN_ABOUT_RETURN_TYPE = YES_ERROR;
				GCC_WARN_UNDECLARED_SELECTOR = YES;
				GCC_WARN_UNINITIALIZED_AUTOS = YES_AGGRESSIVE;
				GCC_WARN_UNUSED_FUNCTION = YES;
				GCC_WARN_UNUSED_VARIABLE = YES;
				IPHONEOS_DEPLOYMENT_TARGET = 15.0;
				MTL_ENABLE_DEBUG_INFO = INCLUDE_SOURCE;
				MTL_FAST_MATH = YES;
				ONLY_ACTIVE_ARCH = YES;
				SDKROOT = iphoneos;
				SWIFT_ACTIVE_COMPILATION_CONDITIONS = DEBUG;
				SWIFT_OPTIMIZATION_LEVEL = "-Onone";
			};
			name = Debug;
		};
		F08F376E2701A16900C80957 /* Release */ = {
			isa = XCBuildConfiguration;
			buildSettings = {
				ALWAYS_SEARCH_USER_PATHS = NO;
				CLANG_ANALYZER_NONNULL = YES;
				CLANG_ANALYZER_NUMBER_OBJECT_CONVERSION = YES_AGGRESSIVE;
				CLANG_CXX_LANGUAGE_STANDARD = "gnu++17";
				CLANG_CXX_LIBRARY = "libc++";
				CLANG_ENABLE_MODULES = YES;
				CLANG_ENABLE_OBJC_ARC = YES;
				CLANG_ENABLE_OBJC_WEAK = YES;
				CLANG_WARN_BLOCK_CAPTURE_AUTORELEASING = YES;
				CLANG_WARN_BOOL_CONVERSION = YES;
				CLANG_WARN_COMMA = YES;
				CLANG_WARN_CONSTANT_CONVERSION = YES;
				CLANG_WARN_DEPRECATED_OBJC_IMPLEMENTATIONS = YES;
				CLANG_WARN_DIRECT_OBJC_ISA_USAGE = YES_ERROR;
				CLANG_WARN_DOCUMENTATION_COMMENTS = YES;
				CLANG_WARN_EMPTY_BODY = YES;
				CLANG_WARN_ENUM_CONVERSION = YES;
				CLANG_WARN_INFINITE_RECURSION = YES;
				CLANG_WARN_INT_CONVERSION = YES;
				CLANG_WARN_NON_LITERAL_NULL_CONVERSION = YES;
				CLANG_WARN_OBJC_IMPLICIT_RETAIN_SELF = YES;
				CLANG_WARN_OBJC_LITERAL_CONVERSION = YES;
				CLANG_WARN_OBJC_ROOT_CLASS = YES_ERROR;
				CLANG_WARN_QUOTED_INCLUDE_IN_FRAMEWORK_HEADER = YES;
				CLANG_WARN_RANGE_LOOP_ANALYSIS = YES;
				CLANG_WARN_STRICT_PROTOTYPES = YES;
				CLANG_WARN_SUSPICIOUS_MOVE = YES;
				CLANG_WARN_UNGUARDED_AVAILABILITY = YES_AGGRESSIVE;
				CLANG_WARN_UNREACHABLE_CODE = YES;
				CLANG_WARN__DUPLICATE_METHOD_MATCH = YES;
				COPY_PHASE_STRIP = NO;
				DEBUG_INFORMATION_FORMAT = "dwarf-with-dsym";
				ENABLE_NS_ASSERTIONS = NO;
				ENABLE_STRICT_OBJC_MSGSEND = YES;
				GCC_C_LANGUAGE_STANDARD = gnu11;
				GCC_NO_COMMON_BLOCKS = YES;
				GCC_WARN_64_TO_32_BIT_CONVERSION = YES;
				GCC_WARN_ABOUT_RETURN_TYPE = YES_ERROR;
				GCC_WARN_UNDECLARED_SELECTOR = YES;
				GCC_WARN_UNINITIALIZED_AUTOS = YES_AGGRESSIVE;
				GCC_WARN_UNUSED_FUNCTION = YES;
				GCC_WARN_UNUSED_VARIABLE = YES;
				IPHONEOS_DEPLOYMENT_TARGET = 15.0;
				MTL_ENABLE_DEBUG_INFO = NO;
				MTL_FAST_MATH = YES;
				SDKROOT = iphoneos;
				SWIFT_COMPILATION_MODE = wholemodule;
				SWIFT_OPTIMIZATION_LEVEL = "-O";
				VALIDATE_PRODUCT = YES;
			};
			name = Release;
		};
		F08F37702701A16900C80957 /* Debug */ = {
			isa = XCBuildConfiguration;
			buildSettings = {
				ASSETCATALOG_COMPILER_APPICON_NAME = AppIcon;
				ASSETCATALOG_COMPILER_GLOBAL_ACCENT_COLOR_NAME = AccentColor;
				CODE_SIGN_ENTITLEMENTS = NotesCFT/NotesCFT.entitlements;
				CODE_SIGN_STYLE = Automatic;
				CURRENT_PROJECT_VERSION = 1;
				DEVELOPMENT_ASSET_PATHS = "\"NotesCFT/Resources/Preview Content\"";
				DEVELOPMENT_TEAM = V4U2WRPNL2;
				ENABLE_PREVIEWS = YES;
				GENERATE_INFOPLIST_FILE = YES;
				INFOPLIST_FILE = NotesCFT/Info.plist;
				INFOPLIST_KEY_UIApplicationSceneManifest_Generation = YES;
				INFOPLIST_KEY_UIApplicationSupportsIndirectInputEvents = YES;
				INFOPLIST_KEY_UILaunchStoryboardName = LaunchScreen;
				INFOPLIST_KEY_UISupportedInterfaceOrientations_iPad = "UIInterfaceOrientationPortrait UIInterfaceOrientationPortraitUpsideDown UIInterfaceOrientationLandscapeLeft UIInterfaceOrientationLandscapeRight";
				INFOPLIST_KEY_UISupportedInterfaceOrientations_iPhone = "UIInterfaceOrientationPortrait UIInterfaceOrientationLandscapeLeft UIInterfaceOrientationLandscapeRight";
				IPHONEOS_DEPLOYMENT_TARGET = 14.0;
				LD_RUNPATH_SEARCH_PATHS = (
					"$(inherited)",
					"@executable_path/Frameworks",
				);
				MARKETING_VERSION = 1.0;
				PRODUCT_BUNDLE_IDENTIFIER = ru.cft.testApp.NotesCFT;
				PRODUCT_NAME = "$(TARGET_NAME)";
				SUPPORTS_MACCATALYST = YES;
				SWIFT_EMIT_LOC_STRINGS = YES;
				SWIFT_VERSION = 5.0;
				TARGETED_DEVICE_FAMILY = "1,2";
			};
			name = Debug;
		};
		F08F37712701A16900C80957 /* Release */ = {
			isa = XCBuildConfiguration;
			buildSettings = {
				ASSETCATALOG_COMPILER_APPICON_NAME = AppIcon;
				ASSETCATALOG_COMPILER_GLOBAL_ACCENT_COLOR_NAME = AccentColor;
				CODE_SIGN_ENTITLEMENTS = NotesCFT/NotesCFT.entitlements;
				CODE_SIGN_STYLE = Automatic;
				CURRENT_PROJECT_VERSION = 1;
				DEVELOPMENT_ASSET_PATHS = "\"NotesCFT/Resources/Preview Content\"";
				DEVELOPMENT_TEAM = V4U2WRPNL2;
				ENABLE_PREVIEWS = YES;
				GENERATE_INFOPLIST_FILE = YES;
				INFOPLIST_FILE = NotesCFT/Info.plist;
				INFOPLIST_KEY_UIApplicationSceneManifest_Generation = YES;
				INFOPLIST_KEY_UIApplicationSupportsIndirectInputEvents = YES;
				INFOPLIST_KEY_UILaunchStoryboardName = LaunchScreen;
				INFOPLIST_KEY_UISupportedInterfaceOrientations_iPad = "UIInterfaceOrientationPortrait UIInterfaceOrientationPortraitUpsideDown UIInterfaceOrientationLandscapeLeft UIInterfaceOrientationLandscapeRight";
				INFOPLIST_KEY_UISupportedInterfaceOrientations_iPhone = "UIInterfaceOrientationPortrait UIInterfaceOrientationLandscapeLeft UIInterfaceOrientationLandscapeRight";
				IPHONEOS_DEPLOYMENT_TARGET = 14.0;
				LD_RUNPATH_SEARCH_PATHS = (
					"$(inherited)",
					"@executable_path/Frameworks",
				);
				MARKETING_VERSION = 1.0;
				PRODUCT_BUNDLE_IDENTIFIER = ru.cft.testApp.NotesCFT;
				PRODUCT_NAME = "$(TARGET_NAME)";
				SUPPORTS_MACCATALYST = YES;
				SWIFT_EMIT_LOC_STRINGS = YES;
				SWIFT_VERSION = 5.0;
				TARGETED_DEVICE_FAMILY = "1,2";
			};
			name = Release;
		};
/* End XCBuildConfiguration section */

/* Begin XCConfigurationList section */
		F08F37572701A16600C80957 /* Build configuration list for PBXProject "NotesCFT" */ = {
			isa = XCConfigurationList;
			buildConfigurations = (
				F08F376D2701A16900C80957 /* Debug */,
				F08F376E2701A16900C80957 /* Release */,
			);
			defaultConfigurationIsVisible = 0;
			defaultConfigurationName = Release;
		};
		F08F376F2701A16900C80957 /* Build configuration list for PBXNativeTarget "NotesCFT" */ = {
			isa = XCConfigurationList;
			buildConfigurations = (
				F08F37702701A16900C80957 /* Debug */,
				F08F37712701A16900C80957 /* Release */,
			);
			defaultConfigurationIsVisible = 0;
			defaultConfigurationName = Release;
		};
/* End XCConfigurationList section */

/* Begin XCVersionGroup section */
		F08F376A2701A16900C80957 /* NotesCFT.xcdatamodeld */ = {
			isa = XCVersionGroup;
			children = (
				F08F376B2701A16900C80957 /* NotesCFT.xcdatamodel */,
			);
			currentVersion = F08F376B2701A16900C80957 /* NotesCFT.xcdatamodel */;
			path = NotesCFT.xcdatamodeld;
			sourceTree = "<group>";
			versionGroupType = wrapper.xcdatamodel;
		};
/* End XCVersionGroup section */
	};
	rootObject = F08F37542701A16600C80957 /* Project object */;
}
